{
  "name": "mdns-pi",
  "version": "0.0.1",
  "lockfileVersion": 3,
  "requires": true,
  "packages": {
    "": {
      "name": "mdns-pi",
      "version": "0.0.1",
      "license": "Apache-2.0",
      "dependencies": {
        "mdns": "^2.2.10"
      }
    },
    "node_modules/bindings": {
      "version": "1.2.1",
      "resolved": "https://registry.npmjs.org/bindings/-/bindings-1.2.1.tgz",
      "integrity": "sha512-u4cBQNepWxYA55FunZSM7wMi55yQaN0otnhhilNoWHq0MfOfJeQx0v0mRRpolGOExPjZcl6FtB0BB8Xkb88F0g==",
      "license": "MIT"
    },
    "node_modules/mdns": {
      "version": "2.7.2",
      "resolved": "https://registry.npmjs.org/mdns/-/mdns-2.7.2.tgz",
      "integrity": "sha512-NBOQT22DKvuNWVY7nKNbs6w9eGRyPwnc4ZjKOsCG2G/4wNt1+IyiHvc+5yhcAUZLG46cOY321YW7Ufz3lMtrhw==",
      "hasInstallScript": true,
      "dependencies": {
        "bindings": "~1.2.1",
        "nan": "^2.14.0"
      }
    },
    "node_modules/nan": {
      "version": "2.26.2",
      "resolved": "https://registry.npmjs.org/nan/-/nan-2.26.2.tgz",
      "integrity": "sha512-0tTvBTYkt3tdGw22nrAy50x7gpbGCCFH3AFcyS5WiUu7Eu4vWlri1woE6qHBSfy11vksDqkiwjOnlR7WV8G1Hw==",
      "license": "MIT"
    }
  }
}
